
Microsoft Visual Studio Solution File, Format Version 12.00
# Visual Studio 15
VisualStudioVersion = 15.0.27004.2005
MinimumVisualStudioVersion = 10.0.40219.1
Project("{FAE04EC0-301F-11D3-BF4B-00C04F79EFBC}") = "CiscoAutomation", "CiscoAutomation\CiscoAutomation.csproj", "{33E2B073-4C8E-4ABB-85E2-D124D4ACCD6C}"
EndProject
Global
	GlobalSection(SolutionConfigurationPlatforms) = preSolution
		Debug|Any CPU = Debug|Any CPU
		Release|Any CPU = Release|Any CPU
	EndGlobalSection
	GlobalSection(ProjectConfigurationPlatforms) = postSolution
		{33E2B073-4C8E-4ABB-85E2-D124D4ACCD6C}.Debug|Any CPU.ActiveCfg = Debug|Any CPU
		{33E2B073-4C8E-4ABB-85E2-D124D4ACCD6C}.Debug|Any CPU.Build.0 = Debug|Any CPU
		{33E2B073-4C8E-4ABB-85E2-D124D4ACCD6C}.Release|Any CPU.ActiveCfg = Release|Any CPU
		{33E2B073-4C8E-4ABB-85E2-D124D4ACCD6C}.Release|Any CPU.Build.0 = Release|Any CPU
	EndGlobalSection
	GlobalSection(SolutionProperties) = preSolution
		HideSolutionNode = FALSE
	EndGlobalSection
	GlobalSection(ExtensibilityGlobals) = postSolution
		SolutionGuid = {CF06174D-BD29-4A54-BB07-DFB2D2E525E9}
	EndGlobalSection
EndGlobal
